
Microsoft Visual Studio Solution File, Format Version 12.00
# Visual Studio Version 17
VisualStudioVersion = 17.2.32616.157
MinimumVisualStudioVersion = 10.0.40219.1
Project("{FAE04EC0-301F-11D3-BF4B-00C04F79EFBC}") = "Tuplas", "Tuplas\Tuplas.csproj", "{3D40524A-47B7-44D8-9629-7B0FAEC5057B}"
EndProject
Global
	GlobalSection(SolutionConfigurationPlatforms) = preSolution
		Debug|Any CPU = Debug|Any CPU
		Release|Any CPU = Release|Any CPU
	EndGlobalSection
	GlobalSection(ProjectConfigurationPlatforms) = postSolution
		{3D40524A-47B7-44D8-9629-7B0FAEC5057B}.Debug|Any CPU.ActiveCfg = Debug|Any CPU
		{3D40524A-47B7-44D8-9629-7B0FAEC5057B}.Debug|Any CPU.Build.0 = Debug|Any CPU
		{3D40524A-47B7-44D8-9629-7B0FAEC5057B}.Release|Any CPU.ActiveCfg = Release|Any CPU
		{3D40524A-47B7-44D8-9629-7B0FAEC5057B}.Release|Any CPU.Build.0 = Release|Any CPU
	EndGlobalSection
	GlobalSection(SolutionProperties) = preSolution
		HideSolutionNode = FALSE
	EndGlobalSection
	GlobalSection(ExtensibilityGlobals) = postSolution
		SolutionGuid = {52F70742-0F9A-453A-B45A-43F964E9A81F}
	EndGlobalSection
EndGlobal
